
Microsoft Visual Studio Solution File, Format Version 12.00
# Visual Studio Version 16
VisualStudioVersion = 16.0.30611.23
MinimumVisualStudioVersion = 10.0.40219.1
Project("{FAE04EC0-301F-11D3-BF4B-00C04F79EFBC}") = "TheNextCar", "TheNextCar\TheNextCar.csproj", "{BF6E6D1D-ABD5-4668-A967-C0331A26FF81}"
EndProject
Global
	GlobalSection(SolutionConfigurationPlatforms) = preSolution
		Debug|Any CPU = Debug|Any CPU
		Release|Any CPU = Release|Any CPU
	EndGlobalSection
	GlobalSection(ProjectConfigurationPlatforms) = postSolution
		{BF6E6D1D-ABD5-4668-A967-C0331A26FF81}.Debug|Any CPU.ActiveCfg = Debug|Any CPU
		{BF6E6D1D-ABD5-4668-A967-C0331A26FF81}.Debug|Any CPU.Build.0 = Debug|Any CPU
		{BF6E6D1D-ABD5-4668-A967-C0331A26FF81}.Release|Any CPU.ActiveCfg = Release|Any CPU
		{BF6E6D1D-ABD5-4668-A967-C0331A26FF81}.Release|Any CPU.Build.0 = Release|Any CPU
	EndGlobalSection
	GlobalSection(SolutionProperties) = preSolution
		HideSolutionNode = FALSE
	EndGlobalSection
	GlobalSection(ExtensibilityGlobals) = postSolution
		SolutionGuid = {8E5186AF-6952-4164-9198-EFEBD08DDB85}
	EndGlobalSection
EndGlobal
